
Microsoft Visual Studio Solution File, Format Version 12.00
# Visual Studio Version 17
VisualStudioVersion = 17.9.34607.119
MinimumVisualStudioVersion = 10.0.40219.1
Project("{FAE04EC0-301F-11D3-BF4B-00C04F79EFBC}") = "MedicalCenter.Core", "MedicalCenter.Core\MedicalCenter.Core.csproj", "{2923F888-DCD0-42B9-AE28-21BD67AE618E}"
EndProject
Project("{FAE04EC0-301F-11D3-BF4B-00C04F79EFBC}") = "MedicalCenter.Repositories", "MedicalCenter.Repositories\MedicalCenter.Repositories.csproj", "{6DDD8C28-F31C-4311-B296-C589F979746E}"
EndProject
Project("{FAE04EC0-301F-11D3-BF4B-00C04F79EFBC}") = "MedicalCenter.WebUI", "MedicalCenter.WebUI\MedicalCenter.WebUI.csproj", "{D6302EDA-EA42-4EC8-B812-FDAF7D5B33BB}"
EndProject
Global
	GlobalSection(SolutionConfigurationPlatforms) = preSolution
		Debug|Any CPU = Debug|Any CPU
		Release|Any CPU = Release|Any CPU
	EndGlobalSection
	GlobalSection(ProjectConfigurationPlatforms) = postSolution
		{2923F888-DCD0-42B9-AE28-21BD67AE618E}.Debug|Any CPU.ActiveCfg = Debug|Any CPU
		{2923F888-DCD0-42B9-AE28-21BD67AE618E}.Debug|Any CPU.Build.0 = Debug|Any CPU
		{2923F888-DCD0-42B9-AE28-21BD67AE618E}.Release|Any CPU.ActiveCfg = Release|Any CPU
		{2923F888-DCD0-42B9-AE28-21BD67AE618E}.Release|Any CPU.Build.0 = Release|Any CPU
		{6DDD8C28-F31C-4311-B296-C589F979746E}.Debug|Any CPU.ActiveCfg = Debug|Any CPU
		{6DDD8C28-F31C-4311-B296-C589F979746E}.Debug|Any CPU.Build.0 = Debug|Any CPU
		{6DDD8C28-F31C-4311-B296-C589F979746E}.Release|Any CPU.ActiveCfg = Release|Any CPU
		{6DDD8C28-F31C-4311-B296-C589F979746E}.Release|Any CPU.Build.0 = Release|Any CPU
		{D6302EDA-EA42-4EC8-B812-FDAF7D5B33BB}.Debug|Any CPU.ActiveCfg = Debug|Any CPU
		{D6302EDA-EA42-4EC8-B812-FDAF7D5B33BB}.Debug|Any CPU.Build.0 = Debug|Any CPU
		{D6302EDA-EA42-4EC8-B812-FDAF7D5B33BB}.Release|Any CPU.ActiveCfg = Release|Any CPU
		{D6302EDA-EA42-4EC8-B812-FDAF7D5B33BB}.Release|Any CPU.Build.0 = Release|Any CPU
	EndGlobalSection
	GlobalSection(SolutionProperties) = preSolution
		HideSolutionNode = FALSE
	EndGlobalSection
	GlobalSection(ExtensibilityGlobals) = postSolution
		SolutionGuid = {65A88EDE-D2F5-4F1D-BA81-57677832574E}
	EndGlobalSection
EndGlobal
