
Microsoft Visual Studio Solution File, Format Version 12.00
# Visual Studio Version 17
VisualStudioVersion = 17.9.34607.119
MinimumVisualStudioVersion = 10.0.40219.1
Project("{FAE04EC0-301F-11D3-BF4B-00C04F79EFBC}") = "Medical_center.Core", "Medical_center.Core\Medical_center.Core.csproj", "{FA86B94D-F6FB-4EEC-BFDF-FEC04C4BCC61}"
EndProject
Global
	GlobalSection(SolutionConfigurationPlatforms) = preSolution
		Debug|Any CPU = Debug|Any CPU
		Release|Any CPU = Release|Any CPU
	EndGlobalSection
	GlobalSection(ProjectConfigurationPlatforms) = postSolution
		{FA86B94D-F6FB-4EEC-BFDF-FEC04C4BCC61}.Debug|Any CPU.ActiveCfg = Debug|Any CPU
		{FA86B94D-F6FB-4EEC-BFDF-FEC04C4BCC61}.Debug|Any CPU.Build.0 = Debug|Any CPU
		{FA86B94D-F6FB-4EEC-BFDF-FEC04C4BCC61}.Release|Any CPU.ActiveCfg = Release|Any CPU
		{FA86B94D-F6FB-4EEC-BFDF-FEC04C4BCC61}.Release|Any CPU.Build.0 = Release|Any CPU
	EndGlobalSection
	GlobalSection(SolutionProperties) = preSolution
		HideSolutionNode = FALSE
	EndGlobalSection
	GlobalSection(ExtensibilityGlobals) = postSolution
		SolutionGuid = {3D32A4E5-2E9B-4D3C-ACE8-B0C166AB0760}
	EndGlobalSection
EndGlobal
